
Microsoft Visual Studio Solution File, Format Version 12.00
# Visual Studio Version 16
VisualStudioVersion = 16.0.30011.22
MinimumVisualStudioVersion = 10.0.40219.1
Project("{FAE04EC0-301F-11D3-BF4B-00C04F79EFBC}") = "delegats_2", "delegats_2\delegats_2.csproj", "{B94B889F-9B23-428E-831F-56EA3D3FF81F}"
EndProject
Global
	GlobalSection(SolutionConfigurationPlatforms) = preSolution
		Debug|Any CPU = Debug|Any CPU
		Release|Any CPU = Release|Any CPU
	EndGlobalSection
	GlobalSection(ProjectConfigurationPlatforms) = postSolution
		{B94B889F-9B23-428E-831F-56EA3D3FF81F}.Debug|Any CPU.ActiveCfg = Debug|Any CPU
		{B94B889F-9B23-428E-831F-56EA3D3FF81F}.Debug|Any CPU.Build.0 = Debug|Any CPU
		{B94B889F-9B23-428E-831F-56EA3D3FF81F}.Release|Any CPU.ActiveCfg = Release|Any CPU
		{B94B889F-9B23-428E-831F-56EA3D3FF81F}.Release|Any CPU.Build.0 = Release|Any CPU
	EndGlobalSection
	GlobalSection(SolutionProperties) = preSolution
		HideSolutionNode = FALSE
	EndGlobalSection
	GlobalSection(ExtensibilityGlobals) = postSolution
		SolutionGuid = {B6821620-7DA8-4207-91B5-A31F47C7761E}
	EndGlobalSection
EndGlobal
