
Microsoft Visual Studio Solution File, Format Version 12.00
# Visual Studio Version 16
VisualStudioVersion = 16.0.30413.136
MinimumVisualStudioVersion = 10.0.40219.1
Project("{FAE04EC0-301F-11D3-BF4B-00C04F79EFBC}") = "Laba2_2_1", "Laba2_2_1.csproj", "{430477AA-2DEE-4538-905E-AF66669943AB}"
EndProject
Global
	GlobalSection(SolutionConfigurationPlatforms) = preSolution
		Debug|Any CPU = Debug|Any CPU
		Release|Any CPU = Release|Any CPU
	EndGlobalSection
	GlobalSection(ProjectConfigurationPlatforms) = postSolution
		{430477AA-2DEE-4538-905E-AF66669943AB}.Debug|Any CPU.ActiveCfg = Debug|Any CPU
		{430477AA-2DEE-4538-905E-AF66669943AB}.Debug|Any CPU.Build.0 = Debug|Any CPU
		{430477AA-2DEE-4538-905E-AF66669943AB}.Release|Any CPU.ActiveCfg = Release|Any CPU
		{430477AA-2DEE-4538-905E-AF66669943AB}.Release|Any CPU.Build.0 = Release|Any CPU
	EndGlobalSection
	GlobalSection(SolutionProperties) = preSolution
		HideSolutionNode = FALSE
	EndGlobalSection
	GlobalSection(ExtensibilityGlobals) = postSolution
		SolutionGuid = {D71B2C75-2EBD-4927-A951-31818BC80D62}
	EndGlobalSection
EndGlobal
